version = 1
revision = 3
requires-python = ">=3.10"

[[package]]
name = "asgiref"
version = "3.11.0"
source = { registry = "https://pypi.org/simple" }
dependencies = [
    { name = "typing-extensions", marker = "python_full_version < '3.11'" },
]
sdist = { url = "https://files.pythonhosted.org/packages/76/b9/4db2509eabd14b4a8c71d1b24c8d5734c52b8560a7b1e1a8b56c8d25568b/asgiref-3.11.0.tar.gz", hash = "sha256:13acff32519542a1736223fb79a715acdebe24286d98e8b164a73085f40da2c4", size = 37969, upload-time = "2025-11-19T15:32:20.106Z" }
wheels = [
    { url = "https://files.pythonhosted.org/packages/91/be/317c2c55b8bbec407257d45f5c8d1b6867abc76d12043f2d3d58c538a4ea/asgiref-3.11.0-py3-none-any.whl", hash = "sha256:1db9021efadb0d9512ce8ffaf72fcef601c7b73a8807a1bb2ef143dc6b14846d", size = 24096, upload-time = "2025-11-19T15:32:19.004Z" },
]

[[package]]
name = "dj-database-url"
version = "3.1.2"
source = { registry = "https://pypi.org/simple" }
dependencies = [
    { name = "django" },
]
sdist = { url = "https://files.pythonhosted.org/packages/03/f6/00b625e9d371b980aa261011d0dc906a16444cb688f94215e0dc86996eb5/dj_database_url-3.1.2.tar.gz", hash = "sha256:63c20e4bbaa51690dfd4c8d189521f6bf6bc9da9fcdb23d95d2ee8ee87f9ec62", size = 11490, upload-time = "2026-02-19T15:30:23.638Z" }
wheels = [
    { url = "https://files.pythonhosted.org/packages/cf/a9/57c66006373381f1d3e5bd94216f1d371228a89f443d3030e010f73dd198/dj_database_url-3.1.2-py3-none-any.whl", hash = "sha256:544e015fee3efa5127a1eb1cca465f4ace578265b3671fe61d0ed7dbafb5ec8a", size = 8953, upload-time = "2026-02-19T15:30:39.37Z" },
]

[[package]]
name = "django"
version = "5.2.13"
source = { registry = "https://pypi.org/simple" }
dependencies = [
    { name = "asgiref" },
    { name = "sqlparse" },
    { name = "tzdata", marker = "sys_platform == 'win32'" },
]
sdist = { url = "https://files.pythonhosted.org/packages/1f/c5/c69e338eb2959f641045802e5ea87ca4bf5ac90c5fd08953ca10742fad51/django-5.2.13.tar.gz", hash = "sha256:a31589db5188d074c63f0945c3888fad104627dfcc236fb2b97f71f89da33bc4", size = 10890368, upload-time = "2026-04-07T14:02:15.072Z" }
wheels = [
    { url = "https://files.pythonhosted.org/packages/59/b1/51ab36b2eefcf8cdb9338c7188668a157e29e30306bfc98a379704c9e10d/django-5.2.13-py3-none-any.whl", hash = "sha256:5788fce61da23788a8ce6f02583765ab060d396720924789f97fa42119d37f7a", size = 8310982, upload-time = "2026-04-07T14:02:08.883Z" },
]

[[package]]
name = "django-allauth"
version = "65.16.0"
source = { registry = "https://pypi.org/simple" }
dependencies = [
    { name = "asgiref" },
    { name = "django" },
]
sdist = { url = "https://files.pythonhosted.org/packages/40/a0/94f485e056c1d1ddd0a50ef240a8d810aaa917855dccecbc3d9af3d7f880/django_allauth-65.16.0.tar.gz", hash = "sha256:7a94857146f8dfe810da1ab78514792e5f7ddb115c22d054e04c1ef18112af32", size = 2233580, upload-time = "2026-04-13T18:35:22.307Z" }
wheels = [
    { url = "https://files.pythonhosted.org/packages/b6/45/e3b2ccbf1a6d07725ed089812bfc13065795213f19b50ec27b7c4b6abaa9/django_allauth-65.16.0-py3-none-any.whl", hash = "sha256:e65d4aa4ed754c634d0f381dc58c6bbe2a0453f9a26d5bf7f138eee86919dc7e", size = 2053654, upload-time = "2026-04-13T18:35:10.753Z" },
]

[[package]]
name = "django-debug-toolbar"
version = "6.2.0"
source = { registry = "https://pypi.org/simple" }
dependencies = [
    { name = "django" },
    { name = "sqlparse" },
]
sdist = { url = "https://files.pythonhosted.org/packages/f1/4d/6acf660500d3d581bfc19460d9605cdf14c275640f35825da1329eaafafa/django_debug_toolbar-6.2.0.tar.gz", hash = "sha256:dc1c174d8fb0ea01435e02d9ceef735cf62daf37c1a6a5692d33b4127327679b", size = 313779, upload-time = "2026-01-20T12:38:25.268Z" }
wheels = [
    { url = "https://files.pythonhosted.org/packages/88/04/e24611299a5ee0d4edfacf935b09cfb7d5d9cb653bd7b7883c3b43a6f90d/django_debug_toolbar-6.2.0-py3-none-any.whl", hash = "sha256:1575461954e6befa720e999dec13fe4f1cc8baf40b6c3ac2aec5f340c0f9c85f", size = 271354, upload-time = "2026-01-20T12:38:23.608Z" },
]

[[package]]
name = "djhtml"
version = "3.0.11"
source = { registry = "https://pypi.org/simple" }
sdist = { url = "https://files.pythonhosted.org/packages/22/57/5771714b5961b7ee275a5696cabc3bd8c4a602d7cca103a44016109509fd/djhtml-3.0.11.tar.gz", hash = "sha256:dbaf55684294bda6486a094954e43847a1c0945e521282e008a9aabdac245688", size = 28615, upload-time = "2026-03-26T16:39:17.118Z" }
wheels = [
    { url = "https://files.pythonhosted.org/packages/a3/c0/8e1f10c58e03fddd1ff4c21a6c22be6cde72dd9cc85f101c2f55e803fd44/djhtml-3.0.11-py3-none-any.whl", hash = "sha256:0013d15d429eb34769aeaf6ea395ad278cf0b8ef35ad19d2cf0c1f214f2843ac", size = 26758, upload-time = "2026-03-26T16:39:15.99Z" },
]

[[package]]
name = "gunicorn"
version = "25.3.0"
source = { registry = "https://pypi.org/simple" }
dependencies = [
    { name = "packaging" },
]
sdist = { url = "https://files.pythonhosted.org/packages/c4/f4/e78fa054248fab913e2eab0332c6c2cb07421fca1ce56d8fe43b6aef57a4/gunicorn-25.3.0.tar.gz", hash = "sha256:f74e1b2f9f76f6cd1ca01198968bd2dd65830edc24b6e8e4d78de8320e2fe889", size = 634883, upload-time = "2026-03-27T00:00:26.092Z" }
wheels = [
    { url = "https://files.pythonhosted.org/packages/43/c8/8aaf447698c4d59aa853fd318eed300b5c9e44459f242ab8ead6c9c09792/gunicorn-25.3.0-py3-none-any.whl", hash = "sha256:cacea387dab08cd6776501621c295a904fe8e3b7aae9a1a3cbb26f4e7ed54660", size = 208403, upload-time = "2026-03-27T00:00:27.386Z" },
]

[[package]]
name = "packaging"
version = "25.0"
source = { registry = "https://pypi.org/simple" }
sdist = { url = "https://files.pythonhosted.org/packages/a1/d4/1fc4078c65507b51b96ca8f8c3ba19e6a61c8253c72794544580a7b6c24d/packaging-25.0.tar.gz", hash = "sha256:d443872c98d677bf60f6a1f2f8c1cb748e8fe762d2bf9d3148b5599295b0fc4f", size = 165727, upload-time = "2025-04-19T11:48:59.673Z" }
wheels = [
    { url = "https://files.pythonhosted.org/packages/20/12/38679034af332785aac8774540895e234f4d07f7545804097de4b666afd8/packaging-25.0-py3-none-any.whl", hash = "sha256:29572ef2b1f17581046b3a2227d5c611fb25ec70ca1ba8554b24b0e69331a484", size = 66469, upload-time = "2025-04-19T11:48:57.875Z" },
]

[[package]]
name = "psycopg"
version = "3.3.3"
source = { registry = "https://pypi.org/simple" }
dependencies = [
    { name = "typing-extensions", marker = "python_full_version < '3.13'" },
    { name = "tzdata", marker = "sys_platform == 'win32'" },
]
sdist = { url = "https://files.pythonhosted.org/packages/d3/b6/379d0a960f8f435ec78720462fd94c4863e7a31237cf81bf76d0af5883bf/psycopg-3.3.3.tar.gz", hash = "sha256:5e9a47458b3c1583326513b2556a2a9473a1001a56c9efe9e587245b43148dd9", size = 165624, upload-time = "2026-02-18T16:52:16.546Z" }
wheels = [
    { url = "https://files.pythonhosted.org/packages/c8/5b/181e2e3becb7672b502f0ed7f16ed7352aca7c109cfb94cf3878a9186db9/psycopg-3.3.3-py3-none-any.whl", hash = "sha256:f96525a72bcfade6584ab17e89de415ff360748c766f0106959144dcbb38c698", size = 212768, upload-time = "2026-02-18T16:46:27.365Z" },
]

[package.optional-dependencies]
binary = [
    { name = "psycopg-binary", marker = "implementation_name != 'pypy'" },
]

[[package]]
name = "psycopg-binary"
version = "3.3.3"
source = { registry = "https://pypi.org/simple" }
wheels = [
    { url = "https://files.pythonhosted.org/packages/b4/d8/a763308a41e2ecfb6256ba0877d340c2f2b124c8b2746401863d96fa2c7a/psycopg_binary-3.3.3-cp310-cp310-macosx_10_9_x86_64.whl", hash = "sha256:b3385b58b2fe408a13d084c14b8dcf468cd36cbbe774408250facc128f9fa75c", size = 4609758, upload-time = "2026-02-18T16:46:33.132Z" },
    { url = "https://files.pythonhosted.org/packages/6c/a9/f8a683e85400c1208685e7c895abc049dc13aa0b6ea989e6adf0a3681fe0/psycopg_binary-3.3.3-cp310-cp310-macosx_11_0_arm64.whl", hash = "sha256:1bef235a50a80f6aba05147002bc354559657cb6386dbd04d8e1c97d1d7cbe84", size = 4676740, upload-time = "2026-02-18T16:46:42.904Z" },
    { url = "https://files.pythonhosted.org/packages/e3/7d/03512c4aaac8a58fc3b1221f38293aa517a1950d10ef8646c72c49addc7d/psycopg_binary-3.3.3-cp310-cp310-manylinux2014_ppc64le.manylinux_2_17_ppc64le.whl", hash = "sha256:97c839717bf8c8df3f6d983a20949c4fb22e2a34ee172e3e427ede363feda27b", size = 5496335, upload-time = "2026-02-18T16:46:51.517Z" },
    { url = "https://files.pythonhosted.org/packages/8a/bc/23319b4b1c2c0b810d225e1b6f16efbb16150074fc0ea96bfcabdf59ee09/psycopg_binary-3.3.3-cp310-cp310-manylinux2014_x86_64.manylinux_2_17_x86_64.whl", hash = "sha256:48e500cf1c0984dacf1f28ea482c3cdbb4c2288d51c336c04bc64198ab21fc51", size = 5172032, upload-time = "2026-02-18T16:47:00.878Z" },
    { url = "https://files.pythonhosted.org/packages/aa/c8/6d61dc0a56654c558a37b2d9b2094e470aa12621305cc7935fd769122e32/psycopg_binary-3.3.3-cp310-cp310-manylinux_2_27_aarch64.manylinux_2_28_aarch64.whl", hash = "sha256:eb36a08859b9432d94ea6b26ec41a2f98f83f14868c91321d0c1e11f672eeae7", size = 6763107, upload-time = "2026-02-18T16:47:11.784Z" },
    { url = "https://files.pythonhosted.org/packages/9e/b5/e2a3c90aa1059f5b5f593379caad7be3cc3c2ce1ddfc7730e39854e174fe/psycopg_binary-3.3.3-cp310-cp310-manylinux_2_38_riscv64.manylinux_2_39_riscv64.whl", hash = "sha256:0dde92cfde09293fb63b3f547919ba7d73bd2654573c03502b3263dd0218e44e", size = 5006494, upload-time = "2026-02-18T16:47:17.062Z" },
    { url = "https://files.pythonhosted.org/packages/5d/3e/bf126e0a1f864e191b7f3eeea667ee2ce13d582b036255fb8b12946d1f7a/psycopg_binary-3.3.3-cp310-cp310-musllinux_1_2_aarch64.whl", hash = "sha256:78c9ce98caaf82ac8484d269791c1b403d7598633e0e4e2fa1097baae244e2f1", size = 4533850, upload-time = "2026-02-18T16:47:21.673Z" },
    { url = "https://files.pythonhosted.org/packages/f4/d8/bb5e8d395deb945629aa0c65d12ab90ec3bfcbdf56be89e2a84d001864c9/psycopg_binary-3.3.3-cp310-cp310-musllinux_1_2_ppc64le.whl", hash = "sha256:d593612758d0041cb13cb0003f7f8d3fabb7ad9319e651e78afae49b1cf5860e", size = 4223316, upload-time = "2026-02-18T16:47:25.82Z" },
    { url = "https://files.pythonhosted.org/packages/c2/70/33eef61b0f0fd41ebf93b9699f44067313a45016827f67b3c8cc41f0a7ab/psycopg_binary-3.3.3-cp310-cp310-musllinux_1_2_riscv64.whl", hash = "sha256:f24e8e17035200a465c178e9ea945527ad0738118694184c450f1192a452ff25", size = 3954515, upload-time = "2026-02-18T16:47:30.434Z" },
    { url = "https://files.pythonhosted.org/packages/ea/db/27c2b3b9698e713e83e11e8540daa27516f9e90390ec21a41091cb15fcaf/psycopg_binary-3.3.3-cp310-cp310-musllinux_1_2_x86_64.whl", hash = "sha256:e7b607f0e14f2a4cf7e78a05ebd13df6144acfba87cb90842e70d3f125d9f53f", size = 4260274, upload-time = "2026-02-18T16:47:36.128Z" },
    { url = "https://files.pythonhosted.org/packages/a1/3b/71e5d603059bf5474215f573a3e2d357a4e95672b26e04d41674400d4862/psycopg_binary-3.3.3-cp310-cp310-win_amd64.whl", hash = "sha256:b27d3a23c79fa59557d2cc63a7e8bb4c7e022c018558eda36f9d7c4e6b99a6e0", size = 3557375, upload-time = "2026-02-18T16:47:42.799Z" },
    { url = "https://files.pythonhosted.org/packages/be/c0/b389119dd754483d316805260f3e73cdcad97925839107cc7a296f6132b1/psycopg_binary-3.3.3-cp311-cp311-macosx_10_9_x86_64.whl", hash = "sha256:a89bb9ee11177b2995d87186b1d9fa892d8ea725e85eab28c6525e4cc14ee048", size = 4609740, upload-time = "2026-02-18T16:47:51.093Z" },
    { url = "https://files.pythonhosted.org/packages/cf/e3/9976eef20f61840285174d360da4c820a311ab39d6b82fa09fbb545be825/psycopg_binary-3.3.3-cp311-cp311-macosx_11_0_arm64.whl", hash = "sha256:9f7d0cf072c6fbac3795b08c98ef9ea013f11db609659dcfc6b1f6cc31f9e181", size = 4676837, upload-time = "2026-02-18T16:47:55.523Z" },
    { url = "https://files.pythonhosted.org/packages/9f/f2/d28ba2f7404fd7f68d41e8a11df86313bd646258244cb12a8dd83b868a97/psycopg_binary-3.3.3-cp311-cp311-manylinux2014_ppc64le.manylinux_2_17_ppc64le.whl", hash = "sha256:90eecd93073922f085967f3ed3a98ba8c325cbbc8c1a204e300282abd2369e13", size = 5497070, upload-time = "2026-02-18T16:47:59.929Z" },
    { url = "https://files.pythonhosted.org/packages/de/2f/6c5c54b815edeb30a281cfcea96dc93b3bb6be939aea022f00cab7aa1420/psycopg_binary-3.3.3-cp311-cp311-manylinux2014_x86_64.manylinux_2_17_x86_64.whl", hash = "sha256:dac7ee2f88b4d7bb12837989ca354c38d400eeb21bce3b73dac02622f0a3c8d6", size = 5172410, upload-time = "2026-02-18T16:48:05.665Z" },
    { url = "https://files.pythonhosted.org/packages/51/75/8206c7008b57de03c1ada46bd3110cc3743f3fd9ed52031c4601401d766d/psycopg_binary-3.3.3-cp311-cp311-manylinux_2_27_aarch64.manylinux_2_28_aarch64.whl", hash = "sha256:b62cf8784eb6d35beaee1056d54caf94ec6ecf2b7552395e305518ab61eb8fd2", size = 6763408, upload-time = "2026-02-18T16:48:13.541Z" },
    { url = "https://files.pythonhosted.org/packages/d4/5a/ea1641a1e6c8c8b3454b0fcb43c3045133a8b703e6e824fae134088e63bd/psycopg_binary-3.3.3-cp311-cp311-manylinux_2_38_riscv64.manylinux_2_39_riscv64.whl", hash = "sha256:a39f34c9b18e8f6794cca17bfbcd64572ca2482318db644268049f8c738f35a6", size = 5006255, upload-time = "2026-02-18T16:48:22.176Z" },
    { url = "https://files.pythonhosted.org/packages/aa/fb/538df099bf55ae1637d52d7ccb6b9620b535a40f4c733897ac2b7bb9e14c/psycopg_binary-3.3.3-cp311-cp311-musllinux_1_2_aarch64.whl", hash = "sha256:883d68d48ca9ff3cb3d10c5fdebea02c79b48eecacdddbf7cce6e7cdbdc216b8", size = 4532694, upload-time = "2026-02-18T16:48:27.338Z" },
    { url = "https://files.pythonhosted.org/packages/a1/d1/00780c0e187ea3c13dfc53bd7060654b2232cd30df562aac91a5f1c545ac/psycopg_binary-3.3.3-cp311-cp311-musllinux_1_2_ppc64le.whl", hash = "sha256:cab7bc3d288d37a80aa8c0820033250c95e40b1c2b5c57cf59827b19c2a8b69d", size = 4222833, upload-time = "2026-02-18T16:48:31.221Z" },
    { url = "https://files.pythonhosted.org/packages/7a/34/a07f1ff713c51d64dc9f19f2c32be80299a2055d5d109d5853662b922cb4/psycopg_binary-3.3.3-cp311-cp311-musllinux_1_2_riscv64.whl", hash = "sha256:56c767007ca959ca32f796b42379fc7e1ae2ed085d29f20b05b3fc394f3715cc", size = 3952818, upload-time = "2026-02-18T16:48:35.869Z" },
    { url = "https://files.pythonhosted.org/packages/d3/67/d33f268a7759b4445f3c9b5a181039b01af8c8263c865c1be7a6444d4749/psycopg_binary-3.3.3-cp311-cp311-musllinux_1_2_x86_64.whl", hash = "sha256:da2f331a01af232259a21573a01338530c6016dcfad74626c01330535bcd8628", size = 4258061, upload-time = "2026-02-18T16:48:41.365Z" },
    { url = "https://files.pythonhosted.org/packages/b4/3b/0d8d2c5e8e29ccc07d28c8af38445d9d9abcd238d590186cac82ee71fc84/psycopg_binary-3.3.3-cp311-cp311-win_amd64.whl", hash = "sha256:19f93235ece6dbfc4036b5e4f6d8b13f0b8f2b3eeb8b0bd2936d406991bcdd40", size = 3558915, upload-time = "2026-02-18T16:48:46.679Z" },
    { url = "https://files.pythonhosted.org/packages/90/15/021be5c0cbc5b7c1ab46e91cc3434eb42569f79a0592e67b8d25e66d844d/psycopg_binary-3.3.3-cp312-cp312-macosx_10_13_x86_64.whl", hash = "sha256:6698dbab5bcef8fdb570fc9d35fd9ac52041771bfcfe6fd0fc5f5c4e36f1e99d", size = 4591170, upload-time = "2026-02-18T16:48:55.594Z" },
    { url = "https://files.pythonhosted.org/packages/f1/54/a60211c346c9a2f8c6b272b5f2bbe21f6e11800ce7f61e99ba75cf8b63e1/psycopg_binary-3.3.3-cp312-cp312-macosx_11_0_arm64.whl", hash = "sha256:329ff393441e75f10b673ae99ab45276887993d49e65f141da20d915c05aafd8", size = 4670009, upload-time = "2026-02-18T16:49:03.608Z" },
    { url = "https://files.pythonhosted.org/packages/c1/53/ac7c18671347c553362aadbf65f92786eef9540676ca24114cc02f5be405/psycopg_binary-3.3.3-cp312-cp312-manylinux2014_ppc64le.manylinux_2_17_ppc64le.whl", hash = "sha256:eb072949b8ebf4082ae24289a2b0fd724da9adc8f22743409d6fd718ddb379df", size = 5469735, upload-time = "2026-02-18T16:49:10.128Z" },
    { url = "https://files.pythonhosted.org/packages/7f/c3/4f4e040902b82a344eff1c736cde2f2720f127fe939c7e7565706f96dd44/psycopg_binary-3.3.3-cp312-cp312-manylinux2014_x86_64.manylinux_2_17_x86_64.whl", hash = "sha256:263a24f39f26e19ed7fc982d7859a36f17841b05bebad3eb47bb9cd2dd785351", size = 5152919, upload-time = "2026-02-18T16:49:16.335Z" },
    { url = "https://files.pythonhosted.org/packages/0c/e7/d929679c6a5c212bcf738806c7c89f5b3d0919f2e1685a0e08d6ff877945/psycopg_binary-3.3.3-cp312-cp312-manylinux_2_27_aarch64.manylinux_2_28_aarch64.whl", hash = "sha256:5152d50798c2fa5bd9b68ec68eb68a1b71b95126c1d70adaa1a08cd5eefdc23d", size = 6738785, upload-time = "2026-02-18T16:49:22.687Z" },
    { url = "https://files.pythonhosted.org/packages/69/b0/09703aeb69a9443d232d7b5318d58742e8ca51ff79f90ffe6b88f1db45e7/psycopg_binary-3.3.3-cp312-cp312-manylinux_2_38_riscv64.manylinux_2_39_riscv64.whl", hash = "sha256:9d6a1e56dd267848edb824dbeb08cf5bac649e02ee0b03ba883ba3f4f0bd54f2", size = 4979008, upload-time = "2026-02-18T16:49:27.313Z" },
    { url = "https://files.pythonhosted.org/packages/cc/a6/e662558b793c6e13a7473b970fee327d635270e41eded3090ef14045a6a5/psycopg_binary-3.3.3-cp312-cp312-musllinux_1_2_aarch64.whl", hash = "sha256:73eaaf4bb04709f545606c1db2f65f4000e8a04cdbf3e00d165a23004692093e", size = 4508255, upload-time = "2026-02-18T16:49:31.575Z" },
    { url = "https://files.pythonhosted.org/packages/5f/7f/0f8b2e1d5e0093921b6f324a948a5c740c1447fbb45e97acaf50241d0f39/psycopg_binary-3.3.3-cp312-cp312-musllinux_1_2_ppc64le.whl", hash = "sha256:162e5675efb4704192411eaf8e00d07f7960b679cd3306e7efb120bb8d9456cc", size = 4189166, upload-time = "2026-02-18T16:49:35.801Z" },
    { url = "https://files.pythonhosted.org/packages/92/ec/ce2e91c33bc8d10b00c87e2f6b0fb570641a6a60042d6a9ae35658a3a797/psycopg_binary-3.3.3-cp312-cp312-musllinux_1_2_riscv64.whl", hash = "sha256:fab6b5e37715885c69f5d091f6ff229be71e235f272ebaa35158d5a46fd548a0", size = 3924544, upload-time = "2026-02-18T16:49:41.129Z" },
    { url = "https://files.pythonhosted.org/packages/c5/2f/7718141485f73a924205af60041c392938852aa447a94c8cbd222ff389a1/psycopg_binary-3.3.3-cp312-cp312-musllinux_1_2_x86_64.whl", hash = "sha256:a4aab31bd6d1057f287c96c0effca3a25584eb9cc702f282ecb96ded7814e830", size = 4235297, upload-time = "2026-02-18T16:49:46.726Z" },
    { url = "https://files.pythonhosted.org/packages/57/f9/1add717e2643a003bbde31b1b220172e64fbc0cb09f06429820c9173f7fc/psycopg_binary-3.3.3-cp312-cp312-win_amd64.whl", hash = "sha256:59aa31fe11a0e1d1bcc2ce37ed35fe2ac84cd65bb9036d049b1a1c39064d0f14", size = 3547659, upload-time = "2026-02-18T16:49:52.999Z" },
    { url = "https://files.pythonhosted.org/packages/03/0a/cac9fdf1df16a269ba0e5f0f06cac61f826c94cadb39df028cdfe19d3a33/psycopg_binary-3.3.3-cp313-cp313-macosx_10_13_x86_64.whl", hash = "sha256:05f32239aec25c5fb15f7948cffdc2dc0dac098e48b80a140e4ba32b572a2e7d", size = 4590414, upload-time = "2026-02-18T16:50:01.441Z" },
    { url = "https://files.pythonhosted.org/packages/9c/c0/d8f8508fbf440edbc0099b1abff33003cd80c9e66eb3a1e78834e3fb4fb9/psycopg_binary-3.3.3-cp313-cp313-macosx_11_0_arm64.whl", hash = "sha256:7c84f9d214f2d1de2fafebc17fa68ac3f6561a59e291553dfc45ad299f4898c1", size = 4669021, upload-time = "2026-02-18T16:50:08.803Z" },
    { url = "https://files.pythonhosted.org/packages/04/05/097016b77e343b4568feddf12c72171fc513acef9a4214d21b9478569068/psycopg_binary-3.3.3-cp313-cp313-manylinux2014_ppc64le.manylinux_2_17_ppc64le.whl", hash = "sha256:e77957d2ba17cada11be09a5066d93026cdb61ada7c8893101d7fe1c6e1f3925", size = 5467453, upload-time = "2026-02-18T16:50:14.985Z" },
    { url = "https://files.pythonhosted.org/packages/91/23/73244e5feb55b5ca109cede6e97f32ef45189f0fdac4c80d75c99862729d/psycopg_binary-3.3.3-cp313-cp313-manylinux2014_x86_64.manylinux_2_17_x86_64.whl", hash = "sha256:42961609ac07c232a427da7c87a468d3c82fee6762c220f38e37cfdacb2b178d", size = 5151135, upload-time = "2026-02-18T16:50:24.82Z" },
    { url = "https://files.pythonhosted.org/packages/11/49/5309473b9803b207682095201d8708bbc7842ddf3f192488a69204e36455/psycopg_binary-3.3.3-cp313-cp313-manylinux_2_27_aarch64.manylinux_2_28_aarch64.whl", hash = "sha256:ae07a3114313dd91fce686cab2f4c44af094398519af0e0f854bc707e1aeedf1", size = 6737315, upload-time = "2026-02-18T16:50:35.106Z" },
    { url = "https://files.pythonhosted.org/packages/d4/5d/03abe74ef34d460b33c4d9662bf6ec1dd38888324323c1a1752133c10377/psycopg_binary-3.3.3-cp313-cp313-manylinux_2_38_riscv64.manylinux_2_39_riscv64.whl", hash = "sha256:d257c58d7b36a621dcce1d01476ad8b60f12d80eb1406aee4cf796f88b2ae482", size = 4979783, upload-time = "2026-02-18T16:50:42.067Z" },
    { url = "https://files.pythonhosted.org/packages/f0/6c/3fbf8e604e15f2f3752900434046c00c90bb8764305a1b81112bff30ba24/psycopg_binary-3.3.3-cp313-cp313-musllinux_1_2_aarch64.whl", hash = "sha256:07c7211f9327d522c9c47560cae00a4ecf6687f4e02d779d035dd3177b41cb12", size = 4509023, upload-time = "2026-02-18T16:50:50.116Z" },
    { url = "https://files.pythonhosted.org/packages/9c/6b/1a06b43b7c7af756c80b67eac8bfaa51d77e68635a8a8d246e4f0bb7604a/psycopg_binary-3.3.3-cp313-cp313-musllinux_1_2_ppc64le.whl", hash = "sha256:8e7e9eca9b363dbedeceeadd8be97149d2499081f3c52d141d7cd1f395a91f83", size = 4185874, upload-time = "2026-02-18T16:50:55.97Z" },
    { url = "https://files.pythonhosted.org/packages/2b/d3/bf49e3dcaadba510170c8d111e5e69e5ae3f981c1554c5bb71c75ce354bb/psycopg_binary-3.3.3-cp313-cp313-musllinux_1_2_riscv64.whl", hash = "sha256:cb85b1d5702877c16f28d7b92ba030c1f49ebcc9b87d03d8c10bf45a2f1c7508", size = 3925668, upload-time = "2026-02-18T16:51:03.299Z" },
    { url = "https://files.pythonhosted.org/packages/f8/92/0aac830ed6a944fe334404e1687a074e4215630725753f0e3e9a9a595b62/psycopg_binary-3.3.3-cp313-cp313-musllinux_1_2_x86_64.whl", hash = "sha256:4d4606c84d04b80f9138d72f1e28c6c02dc5ae0c7b8f3f8aaf89c681ce1cd1b1", size = 4234973, upload-time = "2026-02-18T16:51:09.097Z" },
    { url = "https://files.pythonhosted.org/packages/2e/96/102244653ee5a143ece5afe33f00f52fe64e389dfce8dbc87580c6d70d3d/psycopg_binary-3.3.3-cp313-cp313-win_amd64.whl", hash = "sha256:74eae563166ebf74e8d950ff359be037b85723d99ca83f57d9b244a871d6c13b", size = 3551342, upload-time = "2026-02-18T16:51:13.892Z" },
    { url = "https://files.pythonhosted.org/packages/a2/71/7a57e5b12275fe7e7d84d54113f0226080423a869118419c9106c083a21c/psycopg_binary-3.3.3-cp314-cp314-macosx_10_15_x86_64.whl", hash = "sha256:497852c5eaf1f0c2d88ab74a64a8097c099deac0c71de1cbcf18659a8a04a4b2", size = 4607368, upload-time = "2026-02-18T16:51:19.295Z" },
    { url = "https://files.pythonhosted.org/packages/c7/04/cb834f120f2b2c10d4003515ef9ca9d688115b9431735e3936ae48549af8/psycopg_binary-3.3.3-cp314-cp314-macosx_11_0_arm64.whl", hash = "sha256:258d1ea53464d29768bf25930f43291949f4c7becc706f6e220c515a63a24edd", size = 4687047, upload-time = "2026-02-18T16:51:23.84Z" },
    { url = "https://files.pythonhosted.org/packages/40/e9/47a69692d3da9704468041aa5ed3ad6fc7f6bb1a5ae788d261a26bbca6c7/psycopg_binary-3.3.3-cp314-cp314-manylinux2014_ppc64le.manylinux_2_17_ppc64le.whl", hash = "sha256:111c59897a452196116db12e7f608da472fbff000693a21040e35fc978b23430", size = 5487096, upload-time = "2026-02-18T16:51:29.645Z" },
    { url = "https://files.pythonhosted.org/packages/0b/b6/0e0dd6a2f802864a4ae3dbadf4ec620f05e3904c7842b326aafc43e5f464/psycopg_binary-3.3.3-cp314-cp314-manylinux2014_x86_64.manylinux_2_17_x86_64.whl", hash = "sha256:17bb6600e2455993946385249a3c3d0af52cd70c1c1cdbf712e9d696d0b0bf1b", size = 5168720, upload-time = "2026-02-18T16:51:36.499Z" },
    { url = "https://files.pythonhosted.org/packages/6f/0d/977af38ac19a6b55d22dff508bd743fd7c1901e1b73657e7937c7cccb0a3/psycopg_binary-3.3.3-cp314-cp314-manylinux_2_27_aarch64.manylinux_2_28_aarch64.whl", hash = "sha256:642050398583d61c9856210568eb09a8e4f2fe8224bf3be21b67a370e677eead", size = 6762076, upload-time = "2026-02-18T16:51:43.167Z" },
    { url = "https://files.pythonhosted.org/packages/34/40/912a39d48322cf86895c0eaf2d5b95cb899402443faefd4b09abbba6b6e1/psycopg_binary-3.3.3-cp314-cp314-manylinux_2_38_riscv64.manylinux_2_39_riscv64.whl", hash = "sha256:533efe6dc3a7cba5e2a84e38970786bb966306863e45f3db152007e9f48638a6", size = 4997623, upload-time = "2026-02-18T16:51:47.707Z" },
    { url = "https://files.pythonhosted.org/packages/98/0c/c14d0e259c65dc7be854d926993f151077887391d5a081118907a9d89603/psycopg_binary-3.3.3-cp314-cp314-musllinux_1_2_aarch64.whl", hash = "sha256:5958dbf28b77ce2033482f6cb9ef04d43f5d8f4b7636e6963d5626f000efb23e", size = 4532096, upload-time = "2026-02-18T16:51:51.421Z" },
    { url = "https://files.pythonhosted.org/packages/39/21/8b7c50a194cfca6ea0fd4d1f276158307785775426e90700ab2eba5cd623/psycopg_binary-3.3.3-cp314-cp314-musllinux_1_2_ppc64le.whl", hash = "sha256:a6af77b6626ce92b5817bf294b4d45ec1a6161dba80fc2d82cdffdd6814fd023", size = 4208884, upload-time = "2026-02-18T16:51:57.336Z" },
    { url = "https://files.pythonhosted.org/packages/c7/2c/a4981bf42cf30ebba0424971d7ce70a222ae9b82594c42fc3f2105d7b525/psycopg_binary-3.3.3-cp314-cp314-musllinux_1_2_riscv64.whl", hash = "sha256:47f06fcbe8542b4d96d7392c476a74ada521c5aebdb41c3c0155f6595fc14c8d", size = 3944542, upload-time = "2026-02-18T16:52:04.266Z" },
    { url = "https://files.pythonhosted.org/packages/60/e9/b7c29b56aa0b85a4e0c4d89db691c1ceef08f46a356369144430c155a2f5/psycopg_binary-3.3.3-cp314-cp314-musllinux_1_2_x86_64.whl", hash = "sha256:e7800e6c6b5dc4b0ca7cc7370f770f53ac83886b76afda0848065a674231e856", size = 4254339, upload-time = "2026-02-18T16:52:10.444Z" },
    { url = "https://files.pythonhosted.org/packages/98/5a/291d89f44d3820fffb7a04ebc8f3ef5dda4f542f44a5daea0c55a84abf45/psycopg_binary-3.3.3-cp314-cp314-win_amd64.whl", hash = "sha256:165f22ab5a9513a3d7425ffb7fcc7955ed8ccaeef6d37e369d6cc1dff1582383", size = 3652796, upload-time = "2026-02-18T16:52:14.02Z" },
]

[[package]]
name = "ruff"
version = "0.15.11"
source = { registry = "https://pypi.org/simple" }
sdist = { url = "https://files.pythonhosted.org/packages/e4/8d/192f3d7103816158dfd5ea50d098ef2aec19194e6cbccd4b3485bdb2eb2d/ruff-0.15.11.tar.gz", hash = "sha256:f092b21708bf0e7437ce9ada249dfe688ff9a0954fc94abab05dcea7dcd29c33", size = 4637264, upload-time = "2026-04-16T18:46:26.58Z" }
wheels = [
    { url = "https://files.pythonhosted.org/packages/02/1e/6aca3427f751295ab011828e15e9bf452200ac74484f1db4be0197b8170b/ruff-0.15.11-py3-none-linux_armv6l.whl", hash = "sha256:e927cfff503135c558eb581a0c9792264aae9507904eb27809cdcff2f2c847b7", size = 10607943, upload-time = "2026-04-16T18:46:05.967Z" },
    { url = "https://files.pythonhosted.org/packages/e7/26/1341c262e74f36d4e84f3d6f4df0ac68cd53331a66bfc5080daa17c84c0b/ruff-0.15.11-py3-none-macosx_10_12_x86_64.whl", hash = "sha256:7a1b5b2938d8f890b76084d4fa843604d787a912541eae85fd7e233398bbb73e", size = 10988592, upload-time = "2026-04-16T18:46:00.742Z" },
    { url = "https://files.pythonhosted.org/packages/03/71/850b1d6ffa9564fbb6740429bad53df1094082fe515c8c1e74b6d8d05f18/ruff-0.15.11-py3-none-macosx_11_0_arm64.whl", hash = "sha256:d4176f3d194afbdaee6e41b9ccb1a2c287dba8700047df474abfbe773825d1cb", size = 10338501, upload-time = "2026-04-16T18:46:03.723Z" },
    { url = "https://files.pythonhosted.org/packages/f2/11/cc1284d3e298c45a817a6aadb6c3e1d70b45c9b36d8d9cce3387b495a03a/ruff-0.15.11-py3-none-manylinux_2_17_aarch64.manylinux2014_aarch64.whl", hash = "sha256:3b17c886fb88203ced3afe7f14e8d5ae96e9d2f4ccc0ee66aa19f2c2675a27e4", size = 10670693, upload-time = "2026-04-16T18:46:41.941Z" },
    { url = "https://files.pythonhosted.org/packages/ce/9e/f8288b034ab72b371513c13f9a41d9ba3effac54e24bfb467b007daee2ca/ruff-0.15.11-py3-none-manylinux_2_17_armv7l.manylinux2014_armv7l.whl", hash = "sha256:49fafa220220afe7758a487b048de4c8f9f767f37dfefad46b9dd06759d003eb", size = 10416177, upload-time = "2026-04-16T18:46:21.717Z" },
    { url = "https://files.pythonhosted.org/packages/85/71/504d79abfd3d92532ba6bbe3d1c19fada03e494332a59e37c7c2dabae427/ruff-0.15.11-py3-none-manylinux_2_17_i686.manylinux2014_i686.whl", hash = "sha256:f2ab8427e74a00d93b8bda1307b1e60970d40f304af38bccb218e056c220120d", size = 11221886, upload-time = "2026-04-16T18:46:15.086Z" },
    { url = "https://files.pythonhosted.org/packages/43/5a/947e6ab7a5ad603d65b474be15a4cbc6d29832db5d762cd142e4e3a74164/ruff-0.15.11-py3-none-manylinux_2_17_ppc64le.manylinux2014_ppc64le.whl", hash = "sha256:195072c0c8e1fc8f940652073df082e37a5d9cb43b4ab1e4d0566ab8977a13b7", size = 12075183, upload-time = "2026-04-16T18:46:07.944Z" },
    { url = "https://files.pythonhosted.org/packages/9f/a1/0b7bb6268775fdd3a0818aee8efd8f5b4e231d24dd4d528ced2534023182/ruff-0.15.11-py3-none-manylinux_2_17_s390x.manylinux2014_s390x.whl", hash = "sha256:a3a0996d486af3920dec930a2e7daed4847dfc12649b537a9335585ada163e9e", size = 11516575, upload-time = "2026-04-16T18:46:31.687Z" },
    { url = "https://files.pythonhosted.org/packages/30/c3/bb5168fc4d233cc06e95f482770d0f3c87945a0cd9f614b90ea8dc2f2833/ruff-0.15.11-py3-none-manylinux_2_17_x86_64.manylinux2014_x86_64.whl", hash = "sha256:1bef2cb556d509259f1fe440bb9cd33c756222cf0a7afe90d15edf0866702431", size = 11306537, upload-time = "2026-04-16T18:46:36.988Z" },
    { url = "https://files.pythonhosted.org/packages/e4/92/4cfae6441f3967317946f3b788136eecf093729b94d6561f963ed810c82e/ruff-0.15.11-py3-none-manylinux_2_31_riscv64.whl", hash = "sha256:030d921a836d7d4a12cf6e8d984a88b66094ccb0e0f17ddd55067c331191bf19", size = 11296813, upload-time = "2026-04-16T18:46:24.182Z" },
    { url = "https://files.pythonhosted.org/packages/43/26/972784c5dde8313acde8ac71ba8ac65475b85db4a2352a76c9934361f9bc/ruff-0.15.11-py3-none-musllinux_1_2_aarch64.whl", hash = "sha256:0e783b599b4577788dbbb66b9addcef87e9a8832f4ce0c19e34bf55543a2f890", size = 10633136, upload-time = "2026-04-16T18:46:39.802Z" },
    { url = "https://files.pythonhosted.org/packages/5b/53/3985a4f185020c2f367f2e08a103032e12564829742a1b417980ce1514a0/ruff-0.15.11-py3-none-musllinux_1_2_armv7l.whl", hash = "sha256:ae90592246625ba4a34349d68ec28d4400d75182b71baa196ddb9f82db025ef5", size = 10424701, upload-time = "2026-04-16T18:46:10.381Z" },
    { url = "https://files.pythonhosted.org/packages/d3/57/bf0dfb32241b56c83bb663a826133da4bf17f682ba8c096973065f6e6a68/ruff-0.15.11-py3-none-musllinux_1_2_i686.whl", hash = "sha256:1f111d62e3c983ed20e0ca2e800f8d77433a5b1161947df99a5c2a3fb60514f0", size = 10873887, upload-time = "2026-04-16T18:46:29.157Z" },
    { url = "https://files.pythonhosted.org/packages/02/05/e48076b2a57dc33ee8c7a957296f97c744ca891a8ffb4ffb1aaa3b3f517d/ruff-0.15.11-py3-none-musllinux_1_2_x86_64.whl", hash = "sha256:06f483d6646f59eaffba9ae30956370d3a886625f511a3108994000480621d1c", size = 11404316, upload-time = "2026-04-16T18:46:19.462Z" },
    { url = "https://files.pythonhosted.org/packages/88/27/0195d15fe7a897cbcba0904792c4b7c9fdd958456c3a17d2ea6093716a9a/ruff-0.15.11-py3-none-win32.whl", hash = "sha256:476a2aa56b7da0b73a3ee80b6b2f0e19cce544245479adde7baa65466664d5f3", size = 10655535, upload-time = "2026-04-16T18:46:12.47Z" },
    { url = "https://files.pythonhosted.org/packages/3a/5e/c927b325bd4c1d3620211a4b96f47864633199feed60fa936025ab27e090/ruff-0.15.11-py3-none-win_amd64.whl", hash = "sha256:8b6756d88d7e234fb0c98c91511aae3cd519d5e3ed271cae31b20f39cb2a12a3", size = 11779692, upload-time = "2026-04-16T18:46:17.268Z" },
    { url = "https://files.pythonhosted.org/packages/63/b6/aeadee5443e49baa2facd51131159fd6301cc4ccfc1541e4df7b021c37dd/ruff-0.15.11-py3-none-win_arm64.whl", hash = "sha256:063fed18cc1bbe0ee7393957284a6fe8b588c6a406a285af3ee3f46da2391ee4", size = 11032614, upload-time = "2026-04-16T18:46:34.487Z" },
]

[[package]]
name = "sqlparse"
version = "0.5.3"
source = { registry = "https://pypi.org/simple" }
sdist = { url = "https://files.pythonhosted.org/packages/e5/40/edede8dd6977b0d3da179a342c198ed100dd2aba4be081861ee5911e4da4/sqlparse-0.5.3.tar.gz", hash = "sha256:09f67787f56a0b16ecdbde1bfc7f5d9c3371ca683cfeaa8e6ff60b4807ec9272", size = 84999, upload-time = "2024-12-10T12:05:30.728Z" }
wheels = [
    { url = "https://files.pythonhosted.org/packages/a9/5c/bfd6bd0bf979426d405cc6e71eceb8701b148b16c21d2dc3c261efc61c7b/sqlparse-0.5.3-py3-none-any.whl", hash = "sha256:cf2196ed3418f3ba5de6af7e82c694a9fbdbfecccdfc72e281548517081f16ca", size = 44415, upload-time = "2024-12-10T12:05:27.824Z" },
]

[[package]]
name = "typing-extensions"
version = "4.15.0"
source = { registry = "https://pypi.org/simple" }
sdist = { url = "https://files.pythonhosted.org/packages/72/94/1a15dd82efb362ac84269196e94cf00f187f7ed21c242792a923cdb1c61f/typing_extensions-4.15.0.tar.gz", hash = "sha256:0cea48d173cc12fa28ecabc3b837ea3cf6f38c6d1136f85cbaaf598984861466", size = 109391, upload-time = "2025-08-25T13:49:26.313Z" }
wheels = [
    { url = "https://files.pythonhosted.org/packages/18/67/36e9267722cc04a6b9f15c7f3441c2363321a3ea07da7ae0c0707beb2a9c/typing_extensions-4.15.0-py3-none-any.whl", hash = "sha256:f0fa19c6845758ab08074a0cfa8b7aecb71c999ca73d62883bc25cc018c4e548", size = 44614, upload-time = "2025-08-25T13:49:24.86Z" },
]

[[package]]
name = "tzdata"
version = "2025.2"
source = { registry = "https://pypi.org/simple" }
sdist = { url = "https://files.pythonhosted.org/packages/95/32/1a225d6164441be760d75c2c42e2780dc0873fe382da3e98a2e1e48361e5/tzdata-2025.2.tar.gz", hash = "sha256:b60a638fcc0daffadf82fe0f57e53d06bdec2f36c4df66280ae79bce6bd6f2b9", size = 196380, upload-time = "2025-03-23T13:54:43.652Z" }
wheels = [
    { url = "https://files.pythonhosted.org/packages/5c/23/c7abc0ca0a1526a0774eca151daeb8de62ec457e77262b66b359c3c7679e/tzdata-2025.2-py2.py3-none-any.whl", hash = "sha256:1a403fada01ff9221ca8044d701868fa132215d84beb92242d9acd2147f667a8", size = 347839, upload-time = "2025-03-23T13:54:41.845Z" },
]

[[package]]
name = "whitenoise"
version = "6.12.0"
source = { registry = "https://pypi.org/simple" }
sdist = { url = "https://files.pythonhosted.org/packages/cb/2a/55b3f3a4ec326cd077c1c3defeee656b9298372a69229134d930151acd01/whitenoise-6.12.0.tar.gz", hash = "sha256:f723ebb76a112e98816ff80fcea0a6c9b8ecde835f8ddda25df7a30a3c2db6ad", size = 26841, upload-time = "2026-02-27T00:05:42.028Z" }
wheels = [
    { url = "https://files.pythonhosted.org/packages/db/eb/d5583a11486211f3ebd4b385545ae787f32363d453c19fffd81106c9c138/whitenoise-6.12.0-py3-none-any.whl", hash = "sha256:fc5e8c572e33ebf24795b47b6a7da8da3c00cff2349f5b04c02f28d0cc5a3cc2", size = 20302, upload-time = "2026-02-27T00:05:40.086Z" },
]

[[package]]
name = "wichtelapp"
version = "0.1.0"
source = { virtual = "." }
dependencies = [
    { name = "dj-database-url" },
    { name = "django" },
    { name = "django-allauth" },
    { name = "django-debug-toolbar" },
    { name = "gunicorn" },
    { name = "psycopg", extra = ["binary"] },
    { name = "whitenoise" },
]

[package.dev-dependencies]
dev = [
    { name = "djhtml" },
    { name = "ruff" },
]

[package.metadata]
requires-dist = [
    { name = "dj-database-url", specifier = ">=3.0.1" },
    { name = "django", specifier = ">=5.2.8" },
    { name = "django-allauth", specifier = ">=65.16.0" },
    { name = "django-debug-toolbar", specifier = ">=6.1.0" },
    { name = "gunicorn", specifier = ">=23.0.0" },
    { name = "psycopg", extras = ["binary"], specifier = ">=3.3.3" },
    { name = "whitenoise", specifier = ">=6.11.0" },
]

[package.metadata.requires-dev]
dev = [
    { name = "djhtml", specifier = ">=3.0.10" },
    { name = "ruff", specifier = ">=0.15.11" },
]
